
Microsoft Visual Studio Solution File, Format Version 12.00
# Visual Studio 15
VisualStudioVersion = 15.0.28010.2050
MinimumVisualStudioVersion = 10.0.40219.1
Project("{FAE04EC0-301F-11D3-BF4B-00C04F79EFBC}") = "Project1", "Project1\Project1.csproj", "{1A5C0358-EBF8-4CA5-A6D3-0877A054E59C}"
EndProject
Global
	GlobalSection(SolutionConfigurationPlatforms) = preSolution
		Debug|Any CPU = Debug|Any CPU
		Release|Any CPU = Release|Any CPU
	EndGlobalSection
	GlobalSection(ProjectConfigurationPlatforms) = postSolution
		{1A5C0358-EBF8-4CA5-A6D3-0877A054E59C}.Debug|Any CPU.ActiveCfg = Debug|Any CPU
		{1A5C0358-EBF8-4CA5-A6D3-0877A054E59C}.Debug|Any CPU.Build.0 = Debug|Any CPU
		{1A5C0358-EBF8-4CA5-A6D3-0877A054E59C}.Release|Any CPU.ActiveCfg = Release|Any CPU
		{1A5C0358-EBF8-4CA5-A6D3-0877A054E59C}.Release|Any CPU.Build.0 = Release|Any CPU
	EndGlobalSection
	GlobalSection(SolutionProperties) = preSolution
		HideSolutionNode = FALSE
	EndGlobalSection
	GlobalSection(ExtensibilityGlobals) = postSolution
		SolutionGuid = {7D019F5C-1BD4-4CBB-8ADA-DB788A1EF29C}
	EndGlobalSection
EndGlobal
